// !$*UTF8*$!
{
	archiveVersion = 1;
	classes = {
	};
	objectVersion = 50;
	objects = {

/* Begin PBXBuildFile section */
		729FD39624BF06B6002677D1 /* eDreamsMVIApp.swift in Sources */ = {isa = PBXBuildFile; fileRef = 729FD39524BF06B6002677D1 /* eDreamsMVIApp.swift */; };
		729FD39A24BF06B9002677D1 /* Assets.xcassets in Resources */ = {isa = PBXBuildFile; fileRef = 729FD39924BF06B9002677D1 /* Assets.xcassets */; };
		729FD39D24BF06B9002677D1 /* Preview Assets.xcassets in Resources */ = {isa = PBXBuildFile; fileRef = 729FD39C24BF06B9002677D1 /* Preview Assets.xcassets */; };
		729FD3A824BF06B9002677D1 /* eDreamsMVITests.swift in Sources */ = {isa = PBXBuildFile; fileRef = 729FD3A724BF06B9002677D1 /* eDreamsMVITests.swift */; };
		729FD3B324BF06B9002677D1 /* eDreamsMVIUITests.swift in Sources */ = {isa = PBXBuildFile; fileRef = 729FD3B224BF06B9002677D1 /* eDreamsMVIUITests.swift */; };
		72BC8BC324BF1E70002E6673 /* LoginView.swift in Sources */ = {isa = PBXBuildFile; fileRef = 72BC8BC224BF1E70002E6673 /* LoginView.swift */; };
		72BC8BC524BF1E9A002E6673 /* LoginPresenter.swift in Sources */ = {isa = PBXBuildFile; fileRef = 72BC8BC424BF1E9A002E6673 /* LoginPresenter.swift */; };
/* End PBXBuildFile section */

/* Begin PBXContainerItemProxy section */
		729FD3A424BF06B9002677D1 /* PBXContainerItemProxy */ = {
			isa = PBXContainerItemProxy;
			containerPortal = 729FD38A24BF06B6002677D1 /* Project object */;
			proxyType = 1;
			remoteGlobalIDString = 729FD39124BF06B6002677D1;
			remoteInfo = eDreamsMVI;
		};
		729FD3AF24BF06B9002677D1 /* PBXContainerItemProxy */ = {
			isa = PBXContainerItemProxy;
			containerPortal = 729FD38A24BF06B6002677D1 /* Project object */;
			proxyType = 1;
			remoteGlobalIDString = 729FD39124BF06B6002677D1;
			remoteInfo = eDreamsMVI;
		};
/* End PBXContainerItemProxy section */

/* Begin PBXFileReference section */
		729FD39224BF06B6002677D1 /* eDreamsMVI.app */ = {isa = PBXFileReference; explicitFileType = wrapper.application; includeInIndex = 0; path = eDreamsMVI.app; sourceTree = BUILT_PRODUCTS_DIR; };
		729FD39524BF06B6002677D1 /* eDreamsMVIApp.swift */ = {isa = PBXFileReference; lastKnownFileType = sourcecode.swift; path = eDreamsMVIApp.swift; sourceTree = "<group>"; };
		729FD39924BF06B9002677D1 /* Assets.xcassets */ = {isa = PBXFileReference; lastKnownFileType = folder.assetcatalog; path = Assets.xcassets; sourceTree = "<group>"; };
		729FD39C24BF06B9002677D1 /* Preview Assets.xcassets */ = {isa = PBXFileReference; lastKnownFileType = folder.assetcatalog; path = "Preview Assets.xcassets"; sourceTree = "<group>"; };
		729FD39E24BF06B9002677D1 /* Info.plist */ = {isa = PBXFileReference; lastKnownFileType = text.plist.xml; path = Info.plist; sourceTree = "<group>"; };
		729FD3A324BF06B9002677D1 /* eDreamsMVITests.xctest */ = {isa = PBXFileReference; explicitFileType = wrapper.cfbundle; includeInIndex = 0; path = eDreamsMVITests.xctest; sourceTree = BUILT_PRODUCTS_DIR; };
		729FD3A724BF06B9002677D1 /* eDreamsMVITests.swift */ = {isa = PBXFileReference; lastKnownFileType = sourcecode.swift; path = eDreamsMVITests.swift; sourceTree = "<group>"; };
		729FD3A924BF06B9002677D1 /* Info.plist */ = {isa = PBXFileReference; lastKnownFileType = text.plist.xml; path = Info.plist; sourceTree = "<group>"; };
		729FD3AE24BF06B9002677D1 /* eDreamsMVIUITests.xctest */ = {isa = PBXFileReference; explicitFileType = wrapper.cfbundle; includeInIndex = 0; path = eDreamsMVIUITests.xctest; sourceTree = BUILT_PRODUCTS_DIR; };
		729FD3B224BF06B9002677D1 /* eDreamsMVIUITests.swift */ = {isa = PBXFileReference; lastKnownFileType = sourcecode.swift; path = eDreamsMVIUITests.swift; sourceTree = "<group>"; };
		729FD3B424BF06B9002677D1 /* Info.plist */ = {isa = PBXFileReference; lastKnownFileType = text.plist.xml; path = Info.plist; sourceTree = "<group>"; };
		72BC8BC224BF1E70002E6673 /* LoginView.swift */ = {isa = PBXFileReference; fileEncoding = 4; lastKnownFileType = sourcecode.swift; path = LoginView.swift; sourceTree = "<group>"; };
		72BC8BC424BF1E9A002E6673 /* LoginPresenter.swift */ = {isa = PBXFileReference; lastKnownFileType = sourcecode.swift; path = LoginPresenter.swift; sourceTree = "<group>"; };
/* End PBXFileReference section */

/* Begin PBXFrameworksBuildPhase section */
		729FD38F24BF06B6002677D1 /* Frameworks */ = {
			isa = PBXFrameworksBuildPhase;
			buildActionMask = 2147483647;
			files = (
			);
			runOnlyForDeploymentPostprocessing = 0;
		};
		729FD3A024BF06B9002677D1 /* Frameworks */ = {
			isa = PBXFrameworksBuildPhase;
			buildActionMask = 2147483647;
			files = (
			);
			runOnlyForDeploymentPostprocessing = 0;
		};
		729FD3AB24BF06B9002677D1 /* Frameworks */ = {
			isa = PBXFrameworksBuildPhase;
			buildActionMask = 2147483647;
			files = (
			);
			runOnlyForDeploymentPostprocessing = 0;
		};
/* End PBXFrameworksBuildPhase section */

/* Begin PBXGroup section */
		729FD38924BF06B6002677D1 = {
			isa = PBXGroup;
			children = (
				729FD39424BF06B6002677D1 /* eDreamsMVI */,
				729FD3A624BF06B9002677D1 /* eDreamsMVITests */,
				729FD3B124BF06B9002677D1 /* eDreamsMVIUITests */,
				729FD39324BF06B6002677D1 /* Products */,
			);
			sourceTree = "<group>";
		};
		729FD39324BF06B6002677D1 /* Products */ = {
			isa = PBXGroup;
			children = (
				729FD39224BF06B6002677D1 /* eDreamsMVI.app */,
				729FD3A324BF06B9002677D1 /* eDreamsMVITests.xctest */,
				729FD3AE24BF06B9002677D1 /* eDreamsMVIUITests.xctest */,
			);
			name = Products;
			sourceTree = "<group>";
		};
		729FD39424BF06B6002677D1 /* eDreamsMVI */ = {
			isa = PBXGroup;
			children = (
				729FD3C024BF1E2A002677D1 /* Login */,
				729FD39524BF06B6002677D1 /* eDreamsMVIApp.swift */,
				729FD39924BF06B9002677D1 /* Assets.xcassets */,
				729FD39E24BF06B9002677D1 /* Info.plist */,
				729FD39B24BF06B9002677D1 /* Preview Content */,
			);
			path = eDreamsMVI;
			sourceTree = "<group>";
		};
		729FD39B24BF06B9002677D1 /* Preview Content */ = {
			isa = PBXGroup;
			children = (
				729FD39C24BF06B9002677D1 /* Preview Assets.xcassets */,
			);
			path = "Preview Content";
			sourceTree = "<group>";
		};
		729FD3A624BF06B9002677D1 /* eDreamsMVITests */ = {
			isa = PBXGroup;
			children = (
				729FD3A724BF06B9002677D1 /* eDreamsMVITests.swift */,
				729FD3A924BF06B9002677D1 /* Info.plist */,
			);
			path = eDreamsMVITests;
			sourceTree = "<group>";
		};
		729FD3B124BF06B9002677D1 /* eDreamsMVIUITests */ = {
			isa = PBXGroup;
			children = (
				729FD3B224BF06B9002677D1 /* eDreamsMVIUITests.swift */,
				729FD3B424BF06B9002677D1 /* Info.plist */,
			);
			path = eDreamsMVIUITests;
			sourceTree = "<group>";
		};
		729FD3C024BF1E2A002677D1 /* Login */ = {
			isa = PBXGroup;
			children = (
				72BC8BC224BF1E70002E6673 /* LoginView.swift */,
				72BC8BC424BF1E9A002E6673 /* LoginPresenter.swift */,
			);
			path = Login;
			sourceTree = "<group>";
		};
/* End PBXGroup section */

/* Begin PBXNativeTarget section */
		729FD39124BF06B6002677D1 /* eDreamsMVI */ = {
			isa = PBXNativeTarget;
			buildConfigurationList = 729FD3B724BF06B9002677D1 /* Build configuration list for PBXNativeTarget "eDreamsMVI" */;
			buildPhases = (
				729FD38E24BF06B6002677D1 /* Sources */,
				729FD38F24BF06B6002677D1 /* Frameworks */,
				729FD39024BF06B6002677D1 /* Resources */,
			);
			buildRules = (
			);
			dependencies = (
			);
			name = eDreamsMVI;
			productName = eDreamsMVI;
			productReference = 729FD39224BF06B6002677D1 /* eDreamsMVI.app */;
			productType = "com.apple.product-type.application";
		};
		729FD3A224BF06B9002677D1 /* eDreamsMVITests */ = {
			isa = PBXNativeTarget;
			buildConfigurationList = 729FD3BA24BF06B9002677D1 /* Build configuration list for PBXNativeTarget "eDreamsMVITests" */;
			buildPhases = (
				729FD39F24BF06B9002677D1 /* Sources */,
				729FD3A024BF06B9002677D1 /* Frameworks */,
				729FD3A124BF06B9002677D1 /* Resources */,
			);
			buildRules = (
			);
			dependencies = (
				729FD3A524BF06B9002677D1 /* PBXTargetDependency */,
			);
			name = eDreamsMVITests;
			productName = eDreamsMVITests;
			productReference = 729FD3A324BF06B9002677D1 /* eDreamsMVITests.xctest */;
			productType = "com.apple.product-type.bundle.unit-test";
		};
		729FD3AD24BF06B9002677D1 /* eDreamsMVIUITests */ = {
			isa = PBXNativeTarget;
			buildConfigurationList = 729FD3BD24BF06B9002677D1 /* Build configuration list for PBXNativeTarget "eDreamsMVIUITests" */;
			buildPhases = (
				729FD3AA24BF06B9002677D1 /* Sources */,
				729FD3AB24BF06B9002677D1 /* Frameworks */,
				729FD3AC24BF06B9002677D1 /* Resources */,
			);
			buildRules = (
			);
			dependencies = (
				729FD3B024BF06B9002677D1 /* PBXTargetDependency */,
			);
			name = eDreamsMVIUITests;
			productName = eDreamsMVIUITests;
			productReference = 729FD3AE24BF06B9002677D1 /* eDreamsMVIUITests.xctest */;
			productType = "com.apple.product-type.bundle.ui-testing";
		};
/* End PBXNativeTarget section */

/* Begin PBXProject section */
		729FD38A24BF06B6002677D1 /* Project object */ = {
			isa = PBXProject;
			attributes = {
				LastSwiftUpdateCheck = 1200;
				LastUpgradeCheck = 1200;
				TargetAttributes = {
					729FD39124BF06B6002677D1 = {
						CreatedOnToolsVersion = 12.0;
					};
					729FD3A224BF06B9002677D1 = {
						CreatedOnToolsVersion = 12.0;
						TestTargetID = 729FD39124BF06B6002677D1;
					};
					729FD3AD24BF06B9002677D1 = {
						CreatedOnToolsVersion = 12.0;
						TestTargetID = 729FD39124BF06B6002677D1;
					};
				};
			};
			buildConfigurationList = 729FD38D24BF06B6002677D1 /* Build configuration list for PBXProject "eDreamsMVI" */;
			compatibilityVersion = "Xcode 9.3";
			developmentRegion = en;
			hasScannedForEncodings = 0;
			knownRegions = (
				en,
				Base,
			);
			mainGroup = 729FD38924BF06B6002677D1;
			productRefGroup = 729FD39324BF06B6002677D1 /* Products */;
			projectDirPath = "";
			projectRoot = "";
			targets = (
				729FD39124BF06B6002677D1 /* eDreamsMVI */,
				729FD3A224BF06B9002677D1 /* eDreamsMVITests */,
				729FD3AD24BF06B9002677D1 /* eDreamsMVIUITests */,
			);
		};
/* End PBXProject section */

/* Begin PBXResourcesBuildPhase section */
		729FD39024BF06B6002677D1 /* Resources */ = {
			isa = PBXResourcesBuildPhase;
			buildActionMask = 2147483647;
			files = (
				729FD39D24BF06B9002677D1 /* Preview Assets.xcassets in Resources */,
				729FD39A24BF06B9002677D1 /* Assets.xcassets in Resources */,
			);
			runOnlyForDeploymentPostprocessing = 0;
		};
		729FD3A124BF06B9002677D1 /* Resources */ = {
			isa = PBXResourcesBuildPhase;
			buildActionMask = 2147483647;
			files = (
			);
			runOnlyForDeploymentPostprocessing = 0;
		};
		729FD3AC24BF06B9002677D1 /* Resources */ = {
			isa = PBXResourcesBuildPhase;
			buildActionMask = 2147483647;
			files = (
			);
			runOnlyForDeploymentPostprocessing = 0;
		};
/* End PBXResourcesBuildPhase section */

/* Begin PBXSourcesBuildPhase section */
		729FD38E24BF06B6002677D1 /* Sources */ = {
			isa = PBXSourcesBuildPhase;
			buildActionMask = 2147483647;
			files = (
				72BC8BC524BF1E9A002E6673 /* LoginPresenter.swift in Sources */,
				72BC8BC324BF1E70002E6673 /* LoginView.swift in Sources */,
				729FD39624BF06B6002677D1 /* eDreamsMVIApp.swift in Sources */,
			);
			runOnlyForDeploymentPostprocessing = 0;
		};
		729FD39F24BF06B9002677D1 /* Sources */ = {
			isa = PBXSourcesBuildPhase;
			buildActionMask = 2147483647;
			files = (
				729FD3A824BF06B9002677D1 /* eDreamsMVITests.swift in Sources */,
			);
			runOnlyForDeploymentPostprocessing = 0;
		};
		729FD3AA24BF06B9002677D1 /* Sources */ = {
			isa = PBXSourcesBuildPhase;
			buildActionMask = 2147483647;
			files = (
				729FD3B324BF06B9002677D1 /* eDreamsMVIUITests.swift in Sources */,
			);
			runOnlyForDeploymentPostprocessing = 0;
		};
/* End PBXSourcesBuildPhase section */

/* Begin PBXTargetDependency section */
		729FD3A524BF06B9002677D1 /* PBXTargetDependency */ = {
			isa = PBXTargetDependency;
			target = 729FD39124BF06B6002677D1 /* eDreamsMVI */;
			targetProxy = 729FD3A424BF06B9002677D1 /* PBXContainerItemProxy */;
		};
		729FD3B024BF06B9002677D1 /* PBXTargetDependency */ = {
			isa = PBXTargetDependency;
			target = 729FD39124BF06B6002677D1 /* eDreamsMVI */;
			targetProxy = 729FD3AF24BF06B9002677D1 /* PBXContainerItemProxy */;
		};
/* End PBXTargetDependency section */

/* Begin XCBuildConfiguration section */
		729FD3B524BF06B9002677D1 /* Debug */ = {
			isa = XCBuildConfiguration;
			buildSettings = {
				ALWAYS_SEARCH_USER_PATHS = NO;
				CLANG_ANALYZER_NONNULL = YES;
				CLANG_ANALYZER_NUMBER_OBJECT_CONVERSION = YES_AGGRESSIVE;
				CLANG_CXX_LANGUAGE_STANDARD = "gnu++14";
				CLANG_CXX_LIBRARY = "libc++";
				CLANG_ENABLE_MODULES = YES;
				CLANG_ENABLE_OBJC_ARC = YES;
				CLANG_ENABLE_OBJC_WEAK = YES;
				CLANG_WARN_BLOCK_CAPTURE_AUTORELEASING = YES;
				CLANG_WARN_BOOL_CONVERSION = YES;
				CLANG_WARN_COMMA = YES;
				CLANG_WARN_CONSTANT_CONVERSION = YES;
				CLANG_WARN_DEPRECATED_OBJC_IMPLEMENTATIONS = YES;
				CLANG_WARN_DIRECT_OBJC_ISA_USAGE = YES_ERROR;
				CLANG_WARN_DOCUMENTATION_COMMENTS = YES;
				CLANG_WARN_EMPTY_BODY = YES;
				CLANG_WARN_ENUM_CONVERSION = YES;
				CLANG_WARN_INFINITE_RECURSION = YES;
				CLANG_WARN_INT_CONVERSION = YES;
				CLANG_WARN_NON_LITERAL_NULL_CONVERSION = YES;
				CLANG_WARN_OBJC_IMPLICIT_RETAIN_SELF = YES;
				CLANG_WARN_OBJC_LITERAL_CONVERSION = YES;
				CLANG_WARN_OBJC_ROOT_CLASS = YES_ERROR;
				CLANG_WARN_QUOTED_INCLUDE_IN_FRAMEWORK_HEADER = YES;
				CLANG_WARN_RANGE_LOOP_ANALYSIS = YES;
				CLANG_WARN_STRICT_PROTOTYPES = YES;
				CLANG_WARN_SUSPICIOUS_MOVE = YES;
				CLANG_WARN_UNGUARDED_AVAILABILITY = YES_AGGRESSIVE;
				CLANG_WARN_UNREACHABLE_CODE = YES;
				CLANG_WARN__DUPLICATE_METHOD_MATCH = YES;
				COPY_PHASE_STRIP = NO;
				DEBUG_INFORMATION_FORMAT = dwarf;
				ENABLE_STRICT_OBJC_MSGSEND = YES;
				ENABLE_TESTABILITY = YES;
				GCC_C_LANGUAGE_STANDARD = gnu11;
				GCC_DYNAMIC_NO_PIC = NO;
				GCC_NO_COMMON_BLOCKS = YES;
				GCC_OPTIMIZATION_LEVEL = 0;
				GCC_PREPROCESSOR_DEFINITIONS = (
					"DEBUG=1",
					"$(inherited)",
				);
				GCC_WARN_64_TO_32_BIT_CONVERSION = YES;
				GCC_WARN_ABOUT_RETURN_TYPE = YES_ERROR;
				GCC_WARN_UNDECLARED_SELECTOR = YES;
				GCC_WARN_UNINITIALIZED_AUTOS = YES_AGGRESSIVE;
				GCC_WARN_UNUSED_FUNCTION = YES;
				GCC_WARN_UNUSED_VARIABLE = YES;
				IPHONEOS_DEPLOYMENT_TARGET = 14.0;
				MTL_ENABLE_DEBUG_INFO = INCLUDE_SOURCE;
				MTL_FAST_MATH = YES;
				ONLY_ACTIVE_ARCH = YES;
				SDKROOT = iphoneos;
				SWIFT_ACTIVE_COMPILATION_CONDITIONS = DEBUG;
				SWIFT_OPTIMIZATION_LEVEL = "-Onone";
			};
			name = Debug;
		};
		729FD3B624BF06B9002677D1 /* Release */ = {
			isa = XCBuildConfiguration;
			buildSettings = {
				ALWAYS_SEARCH_USER_PATHS = NO;
				CLANG_ANALYZER_NONNULL = YES;
				CLANG_ANALYZER_NUMBER_OBJECT_CONVERSION = YES_AGGRESSIVE;
				CLANG_CXX_LANGUAGE_STANDARD = "gnu++14";
				CLANG_CXX_LIBRARY = "libc++";
				CLANG_ENABLE_MODULES = YES;
				CLANG_ENABLE_OBJC_ARC = YES;
				CLANG_ENABLE_OBJC_WEAK = YES;
				CLANG_WARN_BLOCK_CAPTURE_AUTORELEASING = YES;
				CLANG_WARN_BOOL_CONVERSION = YES;
				CLANG_WARN_COMMA = YES;
				CLANG_WARN_CONSTANT_CONVERSION = YES;
				CLANG_WARN_DEPRECATED_OBJC_IMPLEMENTATIONS = YES;
				CLANG_WARN_DIRECT_OBJC_ISA_USAGE = YES_ERROR;
				CLANG_WARN_DOCUMENTATION_COMMENTS = YES;
				CLANG_WARN_EMPTY_BODY = YES;
				CLANG_WARN_ENUM_CONVERSION = YES;
				CLANG_WARN_INFINITE_RECURSION = YES;
				CLANG_WARN_INT_CONVERSION = YES;
				CLANG_WARN_NON_LITERAL_NULL_CONVERSION = YES;
				CLANG_WARN_OBJC_IMPLICIT_RETAIN_SELF = YES;
				CLANG_WARN_OBJC_LITERAL_CONVERSION = YES;
				CLANG_WARN_OBJC_ROOT_CLASS = YES_ERROR;
				CLANG_WARN_QUOTED_INCLUDE_IN_FRAMEWORK_HEADER = YES;
				CLANG_WARN_RANGE_LOOP_ANALYSIS = YES;
				CLANG_WARN_STRICT_PROTOTYPES = YES;
				CLANG_WARN_SUSPICIOUS_MOVE = YES;
				CLANG_WARN_UNGUARDED_AVAILABILITY = YES_AGGRESSIVE;
				CLANG_WARN_UNREACHABLE_CODE = YES;
				CLANG_WARN__DUPLICATE_METHOD_MATCH = YES;
				COPY_PHASE_STRIP = NO;
				DEBUG_INFORMATION_FORMAT = "dwarf-with-dsym";
				ENABLE_NS_ASSERTIONS = NO;
				ENABLE_STRICT_OBJC_MSGSEND = YES;
				GCC_C_LANGUAGE_STANDARD = gnu11;
				GCC_NO_COMMON_BLOCKS = YES;
				GCC_WARN_64_TO_32_BIT_CONVERSION = YES;
				GCC_WARN_ABOUT_RETURN_TYPE = YES_ERROR;
				GCC_WARN_UNDECLARED_SELECTOR = YES;
				GCC_WARN_UNINITIALIZED_AUTOS = YES_AGGRESSIVE;
				GCC_WARN_UNUSED_FUNCTION = YES;
				GCC_WARN_UNUSED_VARIABLE = YES;
				IPHONEOS_DEPLOYMENT_TARGET = 14.0;
				MTL_ENABLE_DEBUG_INFO = NO;
				MTL_FAST_MATH = YES;
				SDKROOT = iphoneos;
				SWIFT_COMPILATION_MODE = wholemodule;
				SWIFT_OPTIMIZATION_LEVEL = "-O";
				VALIDATE_PRODUCT = YES;
			};
			name = Release;
		};
		729FD3B824BF06B9002677D1 /* Debug */ = {
			isa = XCBuildConfiguration;
			buildSettings = {
				ASSETCATALOG_COMPILER_APPICON_NAME = AppIcon;
				ASSETCATALOG_COMPILER_GLOBAL_ACCENT_COLOR_NAME = AccentColor;
				CODE_SIGN_STYLE = Automatic;
				DEVELOPMENT_ASSET_PATHS = "\"eDreamsMVI/Preview Content\"";
				DEVELOPMENT_TEAM = CA2AKZS8UU;
				ENABLE_PREVIEWS = YES;
				INFOPLIST_FILE = eDreamsMVI/Info.plist;
				IPHONEOS_DEPLOYMENT_TARGET = 14.0;
				LD_RUNPATH_SEARCH_PATHS = (
					"$(inherited)",
					"@executable_path/Frameworks",
				);
				PRODUCT_BUNDLE_IDENTIFIER = com.santifranco.eDreamsMVI;
				PRODUCT_NAME = "$(TARGET_NAME)";
				SWIFT_VERSION = 5.0;
				TARGETED_DEVICE_FAMILY = "1,2";
			};
			name = Debug;
		};
		729FD3B924BF06B9002677D1 /* Release */ = {
			isa = XCBuildConfiguration;
			buildSettings = {
				ASSETCATALOG_COMPILER_APPICON_NAME = AppIcon;
				ASSETCATALOG_COMPILER_GLOBAL_ACCENT_COLOR_NAME = AccentColor;
				CODE_SIGN_STYLE = Automatic;
				DEVELOPMENT_ASSET_PATHS = "\"eDreamsMVI/Preview Content\"";
				DEVELOPMENT_TEAM = CA2AKZS8UU;
				ENABLE_PREVIEWS = YES;
				INFOPLIST_FILE = eDreamsMVI/Info.plist;
				IPHONEOS_DEPLOYMENT_TARGET = 14.0;
				LD_RUNPATH_SEARCH_PATHS = (
					"$(inherited)",
					"@executable_path/Frameworks",
				);
				PRODUCT_BUNDLE_IDENTIFIER = com.santifranco.eDreamsMVI;
				PRODUCT_NAME = "$(TARGET_NAME)";
				SWIFT_VERSION = 5.0;
				TARGETED_DEVICE_FAMILY = "1,2";
			};
			name = Release;
		};
		729FD3BB24BF06B9002677D1 /* Debug */ = {
			isa = XCBuildConfiguration;
			buildSettings = {
				ALWAYS_EMBED_SWIFT_STANDARD_LIBRARIES = YES;
				BUNDLE_LOADER = "$(TEST_HOST)";
				CODE_SIGN_STYLE = Automatic;
				DEVELOPMENT_TEAM = CA2AKZS8UU;
				INFOPLIST_FILE = eDreamsMVITests/Info.plist;
				IPHONEOS_DEPLOYMENT_TARGET = 14.0;
				LD_RUNPATH_SEARCH_PATHS = (
					"$(inherited)",
					"@executable_path/Frameworks",
					"@loader_path/Frameworks",
				);
				PRODUCT_BUNDLE_IDENTIFIER = com.santifranco.eDreamsMVITests;
				PRODUCT_NAME = "$(TARGET_NAME)";
				SWIFT_VERSION = 5.0;
				TARGETED_DEVICE_FAMILY = "1,2";
				TEST_HOST = "$(BUILT_PRODUCTS_DIR)/eDreamsMVI.app/eDreamsMVI";
			};
			name = Debug;
		};
		729FD3BC24BF06B9002677D1 /* Release */ = {
			isa = XCBuildConfiguration;
			buildSettings = {
				ALWAYS_EMBED_SWIFT_STANDARD_LIBRARIES = YES;
				BUNDLE_LOADER = "$(TEST_HOST)";
				CODE_SIGN_STYLE = Automatic;
				DEVELOPMENT_TEAM = CA2AKZS8UU;
				INFOPLIST_FILE = eDreamsMVITests/Info.plist;
				IPHONEOS_DEPLOYMENT_TARGET = 14.0;
				LD_RUNPATH_SEARCH_PATHS = (
					"$(inherited)",
					"@executable_path/Frameworks",
					"@loader_path/Frameworks",
				);
				PRODUCT_BUNDLE_IDENTIFIER = com.santifranco.eDreamsMVITests;
				PRODUCT_NAME = "$(TARGET_NAME)";
				SWIFT_VERSION = 5.0;
				TARGETED_DEVICE_FAMILY = "1,2";
				TEST_HOST = "$(BUILT_PRODUCTS_DIR)/eDreamsMVI.app/eDreamsMVI";
			};
			name = Release;
		};
		729FD3BE24BF06B9002677D1 /* Debug */ = {
			isa = XCBuildConfiguration;
			buildSettings = {
				ALWAYS_EMBED_SWIFT_STANDARD_LIBRARIES = YES;
				CODE_SIGN_STYLE = Automatic;
				DEVELOPMENT_TEAM = CA2AKZS8UU;
				INFOPLIST_FILE = eDreamsMVIUITests/Info.plist;
				LD_RUNPATH_SEARCH_PATHS = (
					"$(inherited)",
					"@executable_path/Frameworks",
					"@loader_path/Frameworks",
				);
				PRODUCT_BUNDLE_IDENTIFIER = com.santifranco.eDreamsMVIUITests;
				PRODUCT_NAME = "$(TARGET_NAME)";
				SWIFT_VERSION = 5.0;
				TARGETED_DEVICE_FAMILY = "1,2";
				TEST_TARGET_NAME = eDreamsMVI;
			};
			name = Debug;
		};
		729FD3BF24BF06B9002677D1 /* Release */ = {
			isa = XCBuildConfiguration;
			buildSettings = {
				ALWAYS_EMBED_SWIFT_STANDARD_LIBRARIES = YES;
				CODE_SIGN_STYLE = Automatic;
				DEVELOPMENT_TEAM = CA2AKZS8UU;
				INFOPLIST_FILE = eDreamsMVIUITests/Info.plist;
				LD_RUNPATH_SEARCH_PATHS = (
					"$(inherited)",
					"@executable_path/Frameworks",
					"@loader_path/Frameworks",
				);
				PRODUCT_BUNDLE_IDENTIFIER = com.santifranco.eDreamsMVIUITests;
				PRODUCT_NAME = "$(TARGET_NAME)";
				SWIFT_VERSION = 5.0;
				TARGETED_DEVICE_FAMILY = "1,2";
				TEST_TARGET_NAME = eDreamsMVI;
			};
			name = Release;
		};
/* End XCBuildConfiguration section */

/* Begin XCConfigurationList section */
		729FD38D24BF06B6002677D1 /* Build configuration list for PBXProject "eDreamsMVI" */ = {
			isa = XCConfigurationList;
			buildConfigurations = (
				729FD3B524BF06B9002677D1 /* Debug */,
				729FD3B624BF06B9002677D1 /* Release */,
			);
			defaultConfigurationIsVisible = 0;
			defaultConfigurationName = Release;
		};
		729FD3B724BF06B9002677D1 /* Build configuration list for PBXNativeTarget "eDreamsMVI" */ = {
			isa = XCConfigurationList;
			buildConfigurations = (
				729FD3B824BF06B9002677D1 /* Debug */,
				729FD3B924BF06B9002677D1 /* Release */,
			);
			defaultConfigurationIsVisible = 0;
			defaultConfigurationName = Release;
		};
		729FD3BA24BF06B9002677D1 /* Build configuration list for PBXNativeTarget "eDreamsMVITests" */ = {
			isa = XCConfigurationList;
			buildConfigurations = (
				729FD3BB24BF06B9002677D1 /* Debug */,
				729FD3BC24BF06B9002677D1 /* Release */,
			);
			defaultConfigurationIsVisible = 0;
			defaultConfigurationName = Release;
		};
		729FD3BD24BF06B9002677D1 /* Build configuration list for PBXNativeTarget "eDreamsMVIUITests" */ = {
			isa = XCConfigurationList;
			buildConfigurations = (
				729FD3BE24BF06B9002677D1 /* Debug */,
				729FD3BF24BF06B9002677D1 /* Release */,
			);
			defaultConfigurationIsVisible = 0;
			defaultConfigurationName = Release;
		};
/* End XCConfigurationList section */
	};
	rootObject = 729FD38A24BF06B6002677D1 /* Project object */;
}
